// !$*UTF8*$!
{
	archiveVersion = 1;
	classes = {
	};
	objectVersion = 56;
	objects = {

/* Begin PBXBuildFile section */
		173564C92C76FE3500C6C918 /* LCAppListView.swift in Sources */ = {isa = PBXBuildFile; fileRef = 173564BC2C76FE3500C6C918 /* LCAppListView.swift */; };
		173564CA2C76FE3500C6C918 /* LCTabView.swift in Sources */ = {isa = PBXBuildFile; fileRef = 173564BD2C76FE3500C6C918 /* LCTabView.swift */; };
		173564CC2C76FE3500C6C918 /* LCTweaksView.swift in Sources */ = {isa = PBXBuildFile; fileRef = 173564C02C76FE3500C6C918 /* LCTweaksView.swift */; };
		173564CD2C76FE3500C6C918 /* LCSettingsView.swift in Sources */ = {isa = PBXBuildFile; fileRef = 173564C12C76FE3500C6C918 /* LCSettingsView.swift */; };
		173564CE2C76FE3500C6C918 /* Makefile in Sources */ = {isa = PBXBuildFile; fileRef = 173564C32C76FE3500C6C918 /* Makefile */; };
		173564CF2C76FE3500C6C918 /* LCSwiftBridge.m in Sources */ = {isa = PBXBuildFile; fileRef = 173564C42C76FE3500C6C918 /* LCSwiftBridge.m */; };
		173564D12C76FE3500C6C918 /* ObjcBridge.swift in Sources */ = {isa = PBXBuildFile; fileRef = 173564C62C76FE3500C6C918 /* ObjcBridge.swift */; };
		173564D22C76FE3500C6C918 /* LCAppBanner.swift in Sources */ = {isa = PBXBuildFile; fileRef = 173564C72C76FE3500C6C918 /* LCAppBanner.swift */; };
		173564D32C76FE3500C6C918 /* Assets.xcassets in Resources */ = {isa = PBXBuildFile; fileRef = 173564C82C76FE3500C6C918 /* Assets.xcassets */; };
		173F18402C7B7B74002953AA /* LCWebView.swift in Sources */ = {isa = PBXBuildFile; fileRef = 173F183F2C7B7B74002953AA /* LCWebView.swift */; };
		178B4C3E2C77654400DD1F74 /* Shared.swift in Sources */ = {isa = PBXBuildFile; fileRef = 178B4C3D2C77654400DD1F74 /* Shared.swift */; };
/* End PBXBuildFile section */

/* Begin PBXFileReference section */
		173564BC2C76FE3500C6C918 /* LCAppListView.swift */ = {isa = PBXFileReference; fileEncoding = 4; lastKnownFileType = sourcecode.swift; path = LCAppListView.swift; sourceTree = "<group>"; };
		173564BD2C76FE3500C6C918 /* LCTabView.swift */ = {isa = PBXFileReference; fileEncoding = 4; lastKnownFileType = sourcecode.swift; path = LCTabView.swift; sourceTree = "<group>"; };
		173564C02C76FE3500C6C918 /* LCTweaksView.swift */ = {isa = PBXFileReference; fileEncoding = 4; lastKnownFileType = sourcecode.swift; path = LCTweaksView.swift; sourceTree = "<group>"; };
		173564C12C76FE3500C6C918 /* LCSettingsView.swift */ = {isa = PBXFileReference; fileEncoding = 4; lastKnownFileType = sourcecode.swift; path = LCSettingsView.swift; sourceTree = "<group>"; };
		173564C22C76FE3500C6C918 /* LCSwiftBridge.h */ = {isa = PBXFileReference; fileEncoding = 4; lastKnownFileType = sourcecode.c.h; path = LCSwiftBridge.h; sourceTree = "<group>"; };
		173564C32C76FE3500C6C918 /* Makefile */ = {isa = PBXFileReference; fileEncoding = 4; lastKnownFileType = sourcecode.make; path = Makefile; sourceTree = "<group>"; };
		173564C42C76FE3500C6C918 /* LCSwiftBridge.m */ = {isa = PBXFileReference; fileEncoding = 4; lastKnownFileType = sourcecode.c.objc; path = LCSwiftBridge.m; sourceTree = "<group>"; };
		173564C62C76FE3500C6C918 /* ObjcBridge.swift */ = {isa = PBXFileReference; fileEncoding = 4; lastKnownFileType = sourcecode.swift; path = ObjcBridge.swift; sourceTree = "<group>"; };
		173564C72C76FE3500C6C918 /* LCAppBanner.swift */ = {isa = PBXFileReference; fileEncoding = 4; lastKnownFileType = sourcecode.swift; path = LCAppBanner.swift; sourceTree = "<group>"; };
		173564C82C76FE3500C6C918 /* Assets.xcassets */ = {isa = PBXFileReference; lastKnownFileType = folder.assetcatalog; path = Assets.xcassets; sourceTree = "<group>"; };
		173F183F2C7B7B74002953AA /* LCWebView.swift */ = {isa = PBXFileReference; lastKnownFileType = sourcecode.swift; path = LCWebView.swift; sourceTree = "<group>"; };
		178B4C3D2C77654400DD1F74 /* Shared.swift */ = {isa = PBXFileReference; lastKnownFileType = sourcecode.swift; path = Shared.swift; sourceTree = "<group>"; };
		178B4C3F2C7766A300DD1F74 /* LiveContainerSwiftUI-Bridging-Header.h */ = {isa = PBXFileReference; fileEncoding = 4; lastKnownFileType = sourcecode.c.h; path = "LiveContainerSwiftUI-Bridging-Header.h"; sourceTree = "<group>"; };
		17B9B88D2C760678009D079E /* LiveContainerSwiftUI.app */ = {isa = PBXFileReference; explicitFileType = wrapper.application; includeInIndex = 0; path = LiveContainerSwiftUI.app; sourceTree = BUILT_PRODUCTS_DIR; };
/* End PBXFileReference section */

/* Begin PBXFrameworksBuildPhase section */
		17B9B88A2C760678009D079E /* Frameworks */ = {
			isa = PBXFrameworksBuildPhase;
			buildActionMask = 2147483647;
			files = (
			);
			runOnlyForDeploymentPostprocessing = 0;
		};
/* End PBXFrameworksBuildPhase section */

/* Begin PBXGroup section */
		173564BB2C76FE1500C6C918 /* LiveContainerSwiftUI */ = {
			isa = PBXGroup;
			children = (
				173F183F2C7B7B74002953AA /* LCWebView.swift */,
				173564C82C76FE3500C6C918 /* Assets.xcassets */,
				173564C72C76FE3500C6C918 /* LCAppBanner.swift */,
				173564BC2C76FE3500C6C918 /* LCAppListView.swift */,
				173564C12C76FE3500C6C918 /* LCSettingsView.swift */,
				173564BD2C76FE3500C6C918 /* LCTabView.swift */,
				173564C02C76FE3500C6C918 /* LCTweaksView.swift */,
				173564C32C76FE3500C6C918 /* Makefile */,
				173564C62C76FE3500C6C918 /* ObjcBridge.swift */,
				178B4C3F2C7766A300DD1F74 /* LiveContainerSwiftUI-Bridging-Header.h */,
				178B4C3D2C77654400DD1F74 /* Shared.swift */,
				173564C22C76FE3500C6C918 /* LCSwiftBridge.h */,
				173564C42C76FE3500C6C918 /* LCSwiftBridge.m */,
			);
			name = LiveContainerSwiftUI;
			sourceTree = "<group>";
		};
		17B9B8842C760678009D079E = {
			isa = PBXGroup;
			children = (
				173564BB2C76FE1500C6C918 /* LiveContainerSwiftUI */,
				17B9B88E2C760678009D079E /* Products */,
			);
			sourceTree = "<group>";
		};
		17B9B88E2C760678009D079E /* Products */ = {
			isa = PBXGroup;
			children = (
				17B9B88D2C760678009D079E /* LiveContainerSwiftUI.app */,
			);
			name = Products;
			sourceTree = "<group>";
		};
/* End PBXGroup section */

/* Begin PBXNativeTarget section */
		17B9B88C2C760678009D079E /* LiveContainerSwiftUI */ = {
			isa = PBXNativeTarget;
			buildConfigurationList = 17B9B89B2C760679009D079E /* Build configuration list for PBXNativeTarget "LiveContainerSwiftUI" */;
			buildPhases = (
				17B9B8892C760678009D079E /* Sources */,
				17B9B88A2C760678009D079E /* Frameworks */,
				17B9B88B2C760678009D079E /* Resources */,
			);
			buildRules = (
			);
			dependencies = (
			);
			name = LiveContainerSwiftUI;
			productName = LiveContainerSwiftUI;
			productReference = 17B9B88D2C760678009D079E /* LiveContainerSwiftUI.app */;
			productType = "com.apple.product-type.application";
		};
/* End PBXNativeTarget section */

/* Begin PBXProject section */
		17B9B8852C760678009D079E /* Project object */ = {
			isa = PBXProject;
			attributes = {
				BuildIndependentTargetsInParallel = 1;
				LastSwiftUpdateCheck = 1540;
				LastUpgradeCheck = 1540;
				TargetAttributes = {
					17B9B88C2C760678009D079E = {
						CreatedOnToolsVersion = 15.4;
					};
				};
			};
			buildConfigurationList = 17B9B8882C760678009D079E /* Build configuration list for PBXProject "LiveContainerSwiftUI" */;
			compatibilityVersion = "Xcode 14.0";
			developmentRegion = en;
			hasScannedForEncodings = 0;
			knownRegions = (
				en,
				Base,
				de,
				he,
				en_AU,
				ar,
				el,
				ja,
				uk,
				es_419,
				zh_CN,
				es,
				pt_BR,
				da,
				it,
				sk,
				pt_PT,
				ms,
				sv,
				cs,
				ko,
				no,
				hu,
				zh_HK,
				tr,
				pl,
				zh_TW,
				en_GB,
				vi,
				ru,
				fr_CA,
				fr,
				fi,
				id,
				nl,
				th,
				ro,
				hr,
				hi,
				ca,
			);
			mainGroup = 17B9B8842C760678009D079E;
			productRefGroup = 17B9B88E2C760678009D079E /* Products */;
			projectDirPath = "";
			projectRoot = "";
			targets = (
				17B9B88C2C760678009D079E /* LiveContainerSwiftUI */,
			);
		};
/* End PBXProject section */

/* Begin PBXResourcesBuildPhase section */
		17B9B88B2C760678009D079E /* Resources */ = {
			isa = PBXResourcesBuildPhase;
			buildActionMask = 2147483647;
			files = (
				173564D32C76FE3500C6C918 /* Assets.xcassets in Resources */,
			);
			runOnlyForDeploymentPostprocessing = 0;
		};
/* End PBXResourcesBuildPhase section */

/* Begin PBXSourcesBuildPhase section */
		17B9B8892C760678009D079E /* Sources */ = {
			isa = PBXSourcesBuildPhase;
			buildActionMask = 2147483647;
			files = (
				178B4C3E2C77654400DD1F74 /* Shared.swift in Sources */,
				173564D22C76FE3500C6C918 /* LCAppBanner.swift in Sources */,
				173F18402C7B7B74002953AA /* LCWebView.swift in Sources */,
				173564CE2C76FE3500C6C918 /* Makefile in Sources */,
				173564CF2C76FE3500C6C918 /* LCSwiftBridge.m in Sources */,
				173564C92C76FE3500C6C918 /* LCAppListView.swift in Sources */,
				173564CC2C76FE3500C6C918 /* LCTweaksView.swift in Sources */,
				173564CD2C76FE3500C6C918 /* LCSettingsView.swift in Sources */,
				173564D12C76FE3500C6C918 /* ObjcBridge.swift in Sources */,
				173564CA2C76FE3500C6C918 /* LCTabView.swift in Sources */,
			);
			runOnlyForDeploymentPostprocessing = 0;
		};
/* End PBXSourcesBuildPhase section */

/* Begin XCBuildConfiguration section */
		17B9B8992C760679009D079E /* Debug */ = {
			isa = XCBuildConfiguration;
			buildSettings = {
				ALWAYS_SEARCH_USER_PATHS = NO;
				ASSETCATALOG_COMPILER_GENERATE_SWIFT_ASSET_SYMBOL_EXTENSIONS = YES;
				CLANG_ANALYZER_NONNULL = YES;
				CLANG_ANALYZER_NUMBER_OBJECT_CONVERSION = YES_AGGRESSIVE;
				CLANG_CXX_LANGUAGE_STANDARD = "gnu++20";
				CLANG_ENABLE_MODULES = YES;
				CLANG_ENABLE_OBJC_ARC = YES;
				CLANG_ENABLE_OBJC_WEAK = YES;
				CLANG_WARN_BLOCK_CAPTURE_AUTORELEASING = YES;
				CLANG_WARN_BOOL_CONVERSION = YES;
				CLANG_WARN_COMMA = YES;
				CLANG_WARN_CONSTANT_CONVERSION = YES;
				CLANG_WARN_DEPRECATED_OBJC_IMPLEMENTATIONS = YES;
				CLANG_WARN_DIRECT_OBJC_ISA_USAGE = YES_ERROR;
				CLANG_WARN_DOCUMENTATION_COMMENTS = YES;
				CLANG_WARN_EMPTY_BODY = YES;
				CLANG_WARN_ENUM_CONVERSION = YES;
				CLANG_WARN_INFINITE_RECURSION = YES;
				CLANG_WARN_INT_CONVERSION = YES;
				CLANG_WARN_NON_LITERAL_NULL_CONVERSION = YES;
				CLANG_WARN_OBJC_IMPLICIT_RETAIN_SELF = YES;
				CLANG_WARN_OBJC_LITERAL_CONVERSION = YES;
				CLANG_WARN_OBJC_ROOT_CLASS = YES_ERROR;
				CLANG_WARN_QUOTED_INCLUDE_IN_FRAMEWORK_HEADER = YES;
				CLANG_WARN_RANGE_LOOP_ANALYSIS = YES;
				CLANG_WARN_STRICT_PROTOTYPES = YES;
				CLANG_WARN_SUSPICIOUS_MOVE = YES;
				CLANG_WARN_UNGUARDED_AVAILABILITY = YES_AGGRESSIVE;
				CLANG_WARN_UNREACHABLE_CODE = YES;
				CLANG_WARN__DUPLICATE_METHOD_MATCH = YES;
				COPY_PHASE_STRIP = NO;
				DEBUG_INFORMATION_FORMAT = dwarf;
				ENABLE_STRICT_OBJC_MSGSEND = YES;
				ENABLE_TESTABILITY = YES;
				ENABLE_USER_SCRIPT_SANDBOXING = YES;
				GCC_C_LANGUAGE_STANDARD = gnu17;
				GCC_DYNAMIC_NO_PIC = NO;
				GCC_NO_COMMON_BLOCKS = YES;
				GCC_OPTIMIZATION_LEVEL = 0;
				GCC_PREPROCESSOR_DEFINITIONS = (
					"DEBUG=1",
					"$(inherited)",
				);
				GCC_WARN_64_TO_32_BIT_CONVERSION = YES;
				GCC_WARN_ABOUT_RETURN_TYPE = YES_ERROR;
				GCC_WARN_UNDECLARED_SELECTOR = YES;
				GCC_WARN_UNINITIALIZED_AUTOS = YES_AGGRESSIVE;
				GCC_WARN_UNUSED_FUNCTION = YES;
				GCC_WARN_UNUSED_VARIABLE = YES;
				IPHONEOS_DEPLOYMENT_TARGET = 17.5;
				LOCALIZATION_PREFERS_STRING_CATALOGS = YES;
				MTL_ENABLE_DEBUG_INFO = INCLUDE_SOURCE;
				MTL_FAST_MATH = YES;
				ONLY_ACTIVE_ARCH = YES;
				SDKROOT = iphoneos;
				SWIFT_ACTIVE_COMPILATION_CONDITIONS = "DEBUG $(inherited)";
				SWIFT_OPTIMIZATION_LEVEL = "-Onone";
			};
			name = Debug;
		};
		17B9B89A2C760679009D079E /* Release */ = {
			isa = XCBuildConfiguration;
			buildSettings = {
				ALWAYS_SEARCH_USER_PATHS = NO;
				ASSETCATALOG_COMPILER_GENERATE_SWIFT_ASSET_SYMBOL_EXTENSIONS = YES;
				CLANG_ANALYZER_NONNULL = YES;
				CLANG_ANALYZER_NUMBER_OBJECT_CONVERSION = YES_AGGRESSIVE;
				CLANG_CXX_LANGUAGE_STANDARD = "gnu++20";
				CLANG_ENABLE_MODULES = YES;
				CLANG_ENABLE_OBJC_ARC = YES;
				CLANG_ENABLE_OBJC_WEAK = YES;
				CLANG_WARN_BLOCK_CAPTURE_AUTORELEASING = YES;
				CLANG_WARN_BOOL_CONVERSION = YES;
				CLANG_WARN_COMMA = YES;
				CLANG_WARN_CONSTANT_CONVERSION = YES;
				CLANG_WARN_DEPRECATED_OBJC_IMPLEMENTATIONS = YES;
				CLANG_WARN_DIRECT_OBJC_ISA_USAGE = YES_ERROR;
				CLANG_WARN_DOCUMENTATION_COMMENTS = YES;
				CLANG_WARN_EMPTY_BODY = YES;
				CLANG_WARN_ENUM_CONVERSION = YES;
				CLANG_WARN_INFINITE_RECURSION = YES;
				CLANG_WARN_INT_CONVERSION = YES;
				CLANG_WARN_NON_LITERAL_NULL_CONVERSION = YES;
				CLANG_WARN_OBJC_IMPLICIT_RETAIN_SELF = YES;
				CLANG_WARN_OBJC_LITERAL_CONVERSION = YES;
				CLANG_WARN_OBJC_ROOT_CLASS = YES_ERROR;
				CLANG_WARN_QUOTED_INCLUDE_IN_FRAMEWORK_HEADER = YES;
				CLANG_WARN_RANGE_LOOP_ANALYSIS = YES;
				CLANG_WARN_STRICT_PROTOTYPES = YES;
				CLANG_WARN_SUSPICIOUS_MOVE = YES;
				CLANG_WARN_UNGUARDED_AVAILABILITY = YES_AGGRESSIVE;
				CLANG_WARN_UNREACHABLE_CODE = YES;
				CLANG_WARN__DUPLICATE_METHOD_MATCH = YES;
				COPY_PHASE_STRIP = NO;
				DEBUG_INFORMATION_FORMAT = "dwarf-with-dsym";
				ENABLE_NS_ASSERTIONS = NO;
				ENABLE_STRICT_OBJC_MSGSEND = YES;
				ENABLE_USER_SCRIPT_SANDBOXING = YES;
				GCC_C_LANGUAGE_STANDARD = gnu17;
				GCC_NO_COMMON_BLOCKS = YES;
				GCC_WARN_64_TO_32_BIT_CONVERSION = YES;
				GCC_WARN_ABOUT_RETURN_TYPE = YES_ERROR;
				GCC_WARN_UNDECLARED_SELECTOR = YES;
				GCC_WARN_UNINITIALIZED_AUTOS = YES_AGGRESSIVE;
				GCC_WARN_UNUSED_FUNCTION = YES;
				GCC_WARN_UNUSED_VARIABLE = YES;
				IPHONEOS_DEPLOYMENT_TARGET = 17.5;
				LOCALIZATION_PREFERS_STRING_CATALOGS = YES;
				MTL_ENABLE_DEBUG_INFO = NO;
				MTL_FAST_MATH = YES;
				SDKROOT = iphoneos;
				SWIFT_COMPILATION_MODE = wholemodule;
				VALIDATE_PRODUCT = YES;
			};
			name = Release;
		};
		17B9B89C2C760679009D079E /* Debug */ = {
			isa = XCBuildConfiguration;
			buildSettings = {
				ASSETCATALOG_COMPILER_APPICON_NAME = AppIcon;
				ASSETCATALOG_COMPILER_GLOBAL_ACCENT_COLOR_NAME = AccentColor;
				CODE_SIGN_STYLE = Manual;
				CURRENT_PROJECT_VERSION = 1;
				DEVELOPMENT_ASSET_PATHS = "\"LiveContainerSwiftUI/Preview Content\"";
				DEVELOPMENT_TEAM = "";
				ENABLE_PREVIEWS = YES;
				GENERATE_INFOPLIST_FILE = YES;
				HEADER_SEARCH_PATHS = "\"$(SRCROOT)/../LiveContainerUI\"";
				INFOPLIST_KEY_UIApplicationSceneManifest_Generation = YES;
				INFOPLIST_KEY_UIApplicationSupportsIndirectInputEvents = YES;
				INFOPLIST_KEY_UILaunchScreen_Generation = YES;
				INFOPLIST_KEY_UISupportedInterfaceOrientations_iPad = "UIInterfaceOrientationPortrait UIInterfaceOrientationPortraitUpsideDown UIInterfaceOrientationLandscapeLeft UIInterfaceOrientationLandscapeRight";
				INFOPLIST_KEY_UISupportedInterfaceOrientations_iPhone = "UIInterfaceOrientationPortrait UIInterfaceOrientationLandscapeLeft UIInterfaceOrientationLandscapeRight";
				IPHONEOS_DEPLOYMENT_TARGET = 15.0;
				LD_RUNPATH_SEARCH_PATHS = (
					"$(inherited)",
					"@executable_path/Frameworks",
				);
				MARKETING_VERSION = 1.0;
				PRODUCT_BUNDLE_IDENTIFIER = com.kdt.LiveContainerSwiftUI;
				PRODUCT_NAME = "$(TARGET_NAME)";
				PROVISIONING_PROFILE_SPECIFIER = "";
				SWIFT_EMIT_LOC_STRINGS = YES;
				SWIFT_INSTALL_OBJC_HEADER = YES;
				SWIFT_OBJC_BRIDGING_HEADER = "$(SRCROOT)/LiveContainerSwiftUI-Bridging-Header.h";
				SWIFT_VERSION = 5.0;
				TARGETED_DEVICE_FAMILY = "1,2";
			};
			name = Debug;
		};
		17B9B89D2C760679009D079E /* Release */ = {
			isa = XCBuildConfiguration;
			buildSettings = {
				ASSETCATALOG_COMPILER_APPICON_NAME = AppIcon;
				ASSETCATALOG_COMPILER_GLOBAL_ACCENT_COLOR_NAME = AccentColor;
				CODE_SIGN_STYLE = Manual;
				CURRENT_PROJECT_VERSION = 1;
				DEVELOPMENT_ASSET_PATHS = "\"LiveContainerSwiftUI/Preview Content\"";
				DEVELOPMENT_TEAM = "";
				ENABLE_PREVIEWS = YES;
				GENERATE_INFOPLIST_FILE = YES;
				HEADER_SEARCH_PATHS = "\"$(SRCROOT)/../LiveContainerUI\"";
				INFOPLIST_KEY_UIApplicationSceneManifest_Generation = YES;
				INFOPLIST_KEY_UIApplicationSupportsIndirectInputEvents = YES;
				INFOPLIST_KEY_UILaunchScreen_Generation = YES;
				INFOPLIST_KEY_UISupportedInterfaceOrientations_iPad = "UIInterfaceOrientationPortrait UIInterfaceOrientationPortraitUpsideDown UIInterfaceOrientationLandscapeLeft UIInterfaceOrientationLandscapeRight";
				INFOPLIST_KEY_UISupportedInterfaceOrientations_iPhone = "UIInterfaceOrientationPortrait UIInterfaceOrientationLandscapeLeft UIInterfaceOrientationLandscapeRight";
				IPHONEOS_DEPLOYMENT_TARGET = 15.0;
				LD_RUNPATH_SEARCH_PATHS = (
					"$(inherited)",
					"@executable_path/Frameworks",
				);
				MARKETING_VERSION = 1.0;
				PRODUCT_BUNDLE_IDENTIFIER = com.kdt.LiveContainerSwiftUI;
				PRODUCT_NAME = "$(TARGET_NAME)";
				PROVISIONING_PROFILE_SPECIFIER = "";
				SWIFT_EMIT_LOC_STRINGS = YES;
				SWIFT_INSTALL_OBJC_HEADER = YES;
				SWIFT_OBJC_BRIDGING_HEADER = "$(SRCROOT)/LiveContainerSwiftUI-Bridging-Header.h";
				SWIFT_VERSION = 5.0;
				TARGETED_DEVICE_FAMILY = "1,2";
			};
			name = Release;
		};
/* End XCBuildConfiguration section */

/* Begin XCConfigurationList section */
		17B9B8882C760678009D079E /* Build configuration list for PBXProject "LiveContainerSwiftUI" */ = {
			isa = XCConfigurationList;
			buildConfigurations = (
				17B9B8992C760679009D079E /* Debug */,
				17B9B89A2C760679009D079E /* Release */,
			);
			defaultConfigurationIsVisible = 0;
			defaultConfigurationName = Release;
		};
		17B9B89B2C760679009D079E /* Build configuration list for PBXNativeTarget "LiveContainerSwiftUI" */ = {
			isa = XCConfigurationList;
			buildConfigurations = (
				17B9B89C2C760679009D079E /* Debug */,
				17B9B89D2C760679009D079E /* Release */,
			);
			defaultConfigurationIsVisible = 0;
			defaultConfigurationName = Release;
		};
/* End XCConfigurationList section */
	};
	rootObject = 17B9B8852C760678009D079E /* Project object */;
}
